
Microsoft Visual Studio Solution File, Format Version 12.00
# Visual Studio 2013
VisualStudioVersion = 12.0.30501.0
MinimumVisualStudioVersion = 10.0.40219.1
Project("{FAE04EC0-301F-11D3-BF4B-00C04F79EFBC}") = "APDilution", "APDilution\APDilution.csproj", "{7FE7ED91-CE3A-41E3-BC56-82C5BA7F4E59}"
EndProject
Project("{FAE04EC0-301F-11D3-BF4B-00C04F79EFBC}") = "APDilutionTests", "APDilutionTests\APDilutionTests.csproj", "{FDBBDBFE-368A-4490-B9F3-1BB060D76E16}"
EndProject
Project("{FAE04EC0-301F-11D3-BF4B-00C04F79EFBC}") = "BestCombination", "BestCombination\BestCombination.csproj", "{B64B2A38-3BC2-4D42-AB7C-BBE899EC97EF}"
EndProject
Project("{FAE04EC0-301F-11D3-BF4B-00C04F79EFBC}") = "InputBarcodes", "InputBarcodes\InputBarcodes.csproj", "{293F6540-1C1C-4F60-82C9-91CB8053BB42}"
EndProject
Global
	GlobalSection(SolutionConfigurationPlatforms) = preSolution
		Debug|Any CPU = Debug|Any CPU
		Release|Any CPU = Release|Any CPU
	EndGlobalSection
	GlobalSection(ProjectConfigurationPlatforms) = postSolution
		{7FE7ED91-CE3A-41E3-BC56-82C5BA7F4E59}.Debug|Any CPU.ActiveCfg = Debug|Any CPU
		{7FE7ED91-CE3A-41E3-BC56-82C5BA7F4E59}.Debug|Any CPU.Build.0 = Debug|Any CPU
		{7FE7ED91-CE3A-41E3-BC56-82C5BA7F4E59}.Release|Any CPU.ActiveCfg = Release|Any CPU
		{7FE7ED91-CE3A-41E3-BC56-82C5BA7F4E59}.Release|Any CPU.Build.0 = Release|Any CPU
		{FDBBDBFE-368A-4490-B9F3-1BB060D76E16}.Debug|Any CPU.ActiveCfg = Debug|Any CPU
		{FDBBDBFE-368A-4490-B9F3-1BB060D76E16}.Debug|Any CPU.Build.0 = Debug|Any CPU
		{FDBBDBFE-368A-4490-B9F3-1BB060D76E16}.Release|Any CPU.ActiveCfg = Release|Any CPU
		{FDBBDBFE-368A-4490-B9F3-1BB060D76E16}.Release|Any CPU.Build.0 = Release|Any CPU
		{B64B2A38-3BC2-4D42-AB7C-BBE899EC97EF}.Debug|Any CPU.ActiveCfg = Debug|Any CPU
		{B64B2A38-3BC2-4D42-AB7C-BBE899EC97EF}.Debug|Any CPU.Build.0 = Debug|Any CPU
		{B64B2A38-3BC2-4D42-AB7C-BBE899EC97EF}.Release|Any CPU.ActiveCfg = Release|Any CPU
		{B64B2A38-3BC2-4D42-AB7C-BBE899EC97EF}.Release|Any CPU.Build.0 = Release|Any CPU
		{293F6540-1C1C-4F60-82C9-91CB8053BB42}.Debug|Any CPU.ActiveCfg = Debug|Any CPU
		{293F6540-1C1C-4F60-82C9-91CB8053BB42}.Debug|Any CPU.Build.0 = Debug|Any CPU
		{293F6540-1C1C-4F60-82C9-91CB8053BB42}.Release|Any CPU.ActiveCfg = Release|Any CPU
		{293F6540-1C1C-4F60-82C9-91CB8053BB42}.Release|Any CPU.Build.0 = Release|Any CPU
	EndGlobalSection
	GlobalSection(SolutionProperties) = preSolution
		HideSolutionNode = FALSE
	EndGlobalSection
EndGlobal
